hash: f808088e43a61caedbb7be65d9475d13c29e00d8a8314da42f360644633e5499
updated: 2019-01-09T16:42:19.107253164+01:00
imports:
- name: github.com/eclipse/paho.mqtt.golang
  version: 379fd9f99ba5b1f02c9fffb5e5952416ef9301dc
  subpackages:
  - packets
- name: github.com/romana/rlog
  version: f018bc92e7d71f27c04e04cbf008860416c21d01
- name: golang.org/x/net
  version: 1e06a53dbb7e2ed46e91183f219db23c6943c532
  subpackages:
  - internal/socks
  - proxy
  - websocket
testImports: []
